
Microsoft Visual Studio Solution File, Format Version 12.00
# Visual Studio Version 17
VisualStudioVersion = 17.0.31903.59
MinimumVisualStudioVersion = 10.0.40219.1
Project("{2150E333-8FDC-42A3-9474-1A3956D46DE8}") = "src", "src", "{827E0CD3-B72D-47B6-A68D-7590B98EB39B}"
EndProject
Project("{FAE04EC0-301F-11D3-BF4B-00C04F79EFBC}") = "CashFlow.Api", "src\CashFlow.Api\CashFlow.Api.csproj", "{A3DF905C-7797-4F11-B71B-10461328459E}"
EndProject
Project("{FAE04EC0-301F-11D3-BF4B-00C04F79EFBC}") = "CashFlow.Application", "src\CashFlow.Application\CashFlow.Application.csproj", "{A2246515-9D78-4E1B-BC2F-E7956EDFCFDD}"
EndProject
Project("{FAE04EC0-301F-11D3-BF4B-00C04F79EFBC}") = "CashFlow.Contracts", "src\CashFlow.Contracts\CashFlow.Contracts.csproj", "{1DC70857-98D9-4871-8C3C-89BD330EF6CF}"
EndProject
Project("{FAE04EC0-301F-11D3-BF4B-00C04F79EFBC}") = "CashFlow.Domain", "src\CashFlow.Domain\CashFlow.Domain.csproj", "{41FF5E4F-44A7-4BE7-8A99-DB4DDF435475}"
EndProject
Project("{FAE04EC0-301F-11D3-BF4B-00C04F79EFBC}") = "CashFlow.Infrastructure", "src\CashFlow.Infrastructure\CashFlow.Infrastructure.csproj", "{7E90FEB3-2D88-48CF-BE95-4C73A4753C7C}"
EndProject
Project("{FAE04EC0-301F-11D3-BF4B-00C04F79EFBC}") = "CashFlow.Worker", "src\CashFlow.Worker\CashFlow.Worker.csproj", "{96B28A52-6959-4078-8269-C25A573CA6F2}"
EndProject
Project("{2150E333-8FDC-42A3-9474-1A3956D46DE8}") = "tests", "tests", "{0AB3BF05-4346-4AA6-1389-037BE0695223}"
EndProject
Project("{FAE04EC0-301F-11D3-BF4B-00C04F79EFBC}") = "CashFlow.Application.Tests", "tests\CashFlow.Application.Tests\CashFlow.Application.Tests.csproj", "{15C63089-66D7-4038-8AE5-89042FA5E477}"
EndProject
Project("{FAE04EC0-301F-11D3-BF4B-00C04F79EFBC}") = "CashFlow.ArchitectureTests", "tests\CashFlow.ArchitectureTests\CashFlow.ArchitectureTests.csproj", "{877A4866-243E-4A94-B532-3E8E628DF5B8}"
EndProject
Project("{FAE04EC0-301F-11D3-BF4B-00C04F79EFBC}") = "CashFlow.Domain.Tests", "tests\CashFlow.Domain.Tests\CashFlow.Domain.Tests.csproj", "{35BFA223-AFE5-4D9A-AA20-E24F3BF2609A}"
EndProject
Project("{FAE04EC0-301F-11D3-BF4B-00C04F79EFBC}") = "CashFlow.EndToEndTests", "tests\CashFlow.EndToEndTests\CashFlow.EndToEndTests.csproj", "{7DFB8BE3-5BF4-4092-91D4-F1A1C1950364}"
EndProject
Project("{FAE04EC0-301F-11D3-BF4B-00C04F79EFBC}") = "CashFlow.IntegrationTests", "tests\CashFlow.IntegrationTests\CashFlow.IntegrationTests.csproj", "{A084630F-827A-4657-B892-CF5FFFCB278C}"
EndProject
Global
	GlobalSection(SolutionConfigurationPlatforms) = preSolution
		Debug|Any CPU = Debug|Any CPU
		Debug|x64 = Debug|x64
		Debug|x86 = Debug|x86
		Release|Any CPU = Release|Any CPU
		Release|x64 = Release|x64
		Release|x86 = Release|x86
	EndGlobalSection
	GlobalSection(ProjectConfigurationPlatforms) = postSolution
		{A3DF905C-7797-4F11-B71B-10461328459E}.Debug|Any CPU.ActiveCfg = Debug|Any CPU
		{A3DF905C-7797-4F11-B71B-10461328459E}.Debug|Any CPU.Build.0 = Debug|Any CPU
		{A3DF905C-7797-4F11-B71B-10461328459E}.Debug|x64.ActiveCfg = Debug|Any CPU
		{A3DF905C-7797-4F11-B71B-10461328459E}.Debug|x64.Build.0 = Debug|Any CPU
		{A3DF905C-7797-4F11-B71B-10461328459E}.Debug|x86.ActiveCfg = Debug|Any CPU
		{A3DF905C-7797-4F11-B71B-10461328459E}.Debug|x86.Build.0 = Debug|Any CPU
		{A3DF905C-7797-4F11-B71B-10461328459E}.Release|Any CPU.ActiveCfg = Release|Any CPU
		{A3DF905C-7797-4F11-B71B-10461328459E}.Release|Any CPU.Build.0 = Release|Any CPU
		{A3DF905C-7797-4F11-B71B-10461328459E}.Release|x64.ActiveCfg = Release|Any CPU
		{A3DF905C-7797-4F11-B71B-10461328459E}.Release|x64.Build.0 = Release|Any CPU
		{A3DF905C-7797-4F11-B71B-10461328459E}.Release|x86.ActiveCfg = Release|Any CPU
		{A3DF905C-7797-4F11-B71B-10461328459E}.Release|x86.Build.0 = Release|Any CPU
		{A2246515-9D78-4E1B-BC2F-E7956EDFCFDD}.Debug|Any CPU.ActiveCfg = Debug|Any CPU
		{A2246515-9D78-4E1B-BC2F-E7956EDFCFDD}.Debug|Any CPU.Build.0 = Debug|Any CPU
		{A2246515-9D78-4E1B-BC2F-E7956EDFCFDD}.Debug|x64.ActiveCfg = Debug|Any CPU
		{A2246515-9D78-4E1B-BC2F-E7956EDFCFDD}.Debug|x64.Build.0 = Debug|Any CPU
		{A2246515-9D78-4E1B-BC2F-E7956EDFCFDD}.Debug|x86.ActiveCfg = Debug|Any CPU
		{A2246515-9D78-4E1B-BC2F-E7956EDFCFDD}.Debug|x86.Build.0 = Debug|Any CPU
		{A2246515-9D78-4E1B-BC2F-E7956EDFCFDD}.Release|Any CPU.ActiveCfg = Release|Any CPU
		{A2246515-9D78-4E1B-BC2F-E7956EDFCFDD}.Release|Any CPU.Build.0 = Release|Any CPU
		{A2246515-9D78-4E1B-BC2F-E7956EDFCFDD}.Release|x64.ActiveCfg = Release|Any CPU
		{A2246515-9D78-4E1B-BC2F-E7956EDFCFDD}.Release|x64.Build.0 = Release|Any CPU
		{A2246515-9D78-4E1B-BC2F-E7956EDFCFDD}.Release|x86.ActiveCfg = Release|Any CPU
		{A2246515-9D78-4E1B-BC2F-E7956EDFCFDD}.Release|x86.Build.0 = Release|Any CPU
		{1DC70857-98D9-4871-8C3C-89BD330EF6CF}.Debug|Any CPU.ActiveCfg = Debug|Any CPU
		{1DC70857-98D9-4871-8C3C-89BD330EF6CF}.Debug|Any CPU.Build.0 = Debug|Any CPU
		{1DC70857-98D9-4871-8C3C-89BD330EF6CF}.Debug|x64.ActiveCfg = Debug|Any CPU
		{1DC70857-98D9-4871-8C3C-89BD330EF6CF}.Debug|x64.Build.0 = Debug|Any CPU
		{1DC70857-98D9-4871-8C3C-89BD330EF6CF}.Debug|x86.ActiveCfg = Debug|Any CPU
		{1DC70857-98D9-4871-8C3C-89BD330EF6CF}.Debug|x86.Build.0 = Debug|Any CPU
		{1DC70857-98D9-4871-8C3C-89BD330EF6CF}.Release|Any CPU.ActiveCfg = Release|Any CPU
		{1DC70857-98D9-4871-8C3C-89BD330EF6CF}.Release|Any CPU.Build.0 = Release|Any CPU
		{1DC70857-98D9-4871-8C3C-89BD330EF6CF}.Release|x64.ActiveCfg = Release|Any CPU
		{1DC70857-98D9-4871-8C3C-89BD330EF6CF}.Release|x64.Build.0 = Release|Any CPU
		{1DC70857-98D9-4871-8C3C-89BD330EF6CF}.Release|x86.ActiveCfg = Release|Any CPU
		{1DC70857-98D9-4871-8C3C-89BD330EF6CF}.Release|x86.Build.0 = Release|Any CPU
		{41FF5E4F-44A7-4BE7-8A99-DB4DDF435475}.Debug|Any CPU.ActiveCfg = Debug|Any CPU
		{41FF5E4F-44A7-4BE7-8A99-DB4DDF435475}.Debug|Any CPU.Build.0 = Debug|Any CPU
		{41FF5E4F-44A7-4BE7-8A99-DB4DDF435475}.Debug|x64.ActiveCfg = Debug|Any CPU
		{41FF5E4F-44A7-4BE7-8A99-DB4DDF435475}.Debug|x64.Build.0 = Debug|Any CPU
		{41FF5E4F-44A7-4BE7-8A99-DB4DDF435475}.Debug|x86.ActiveCfg = Debug|Any CPU
		{41FF5E4F-44A7-4BE7-8A99-DB4DDF435475}.Debug|x86.Build.0 = Debug|Any CPU
		{41FF5E4F-44A7-4BE7-8A99-DB4DDF435475}.Release|Any CPU.ActiveCfg = Release|Any CPU
		{41FF5E4F-44A7-4BE7-8A99-DB4DDF435475}.Release|Any CPU.Build.0 = Release|Any CPU
		{41FF5E4F-44A7-4BE7-8A99-DB4DDF435475}.Release|x64.ActiveCfg = Release|Any CPU
		{41FF5E4F-44A7-4BE7-8A99-DB4DDF435475}.Release|x64.Build.0 = Release|Any CPU
		{41FF5E4F-44A7-4BE7-8A99-DB4DDF435475}.Release|x86.ActiveCfg = Release|Any CPU
		{41FF5E4F-44A7-4BE7-8A99-DB4DDF435475}.Release|x86.Build.0 = Release|Any CPU
		{7E90FEB3-2D88-48CF-BE95-4C73A4753C7C}.Debug|Any CPU.ActiveCfg = Debug|Any CPU
		{7E90FEB3-2D88-48CF-BE95-4C73A4753C7C}.Debug|Any CPU.Build.0 = Debug|Any CPU
		{7E90FEB3-2D88-48CF-BE95-4C73A4753C7C}.Debug|x64.ActiveCfg = Debug|Any CPU
		{7E90FEB3-2D88-48CF-BE95-4C73A4753C7C}.Debug|x64.Build.0 = Debug|Any CPU
		{7E90FEB3-2D88-48CF-BE95-4C73A4753C7C}.Debug|x86.ActiveCfg = Debug|Any CPU
		{7E90FEB3-2D88-48CF-BE95-4C73A4753C7C}.Debug|x86.Build.0 = Debug|Any CPU
		{7E90FEB3-2D88-48CF-BE95-4C73A4753C7C}.Release|Any CPU.ActiveCfg = Release|Any CPU
		{7E90FEB3-2D88-48CF-BE95-4C73A4753C7C}.Release|Any CPU.Build.0 = Release|Any CPU
		{7E90FEB3-2D88-48CF-BE95-4C73A4753C7C}.Release|x64.ActiveCfg = Release|Any CPU
		{7E90FEB3-2D88-48CF-BE95-4C73A4753C7C}.Release|x64.Build.0 = Release|Any CPU
		{7E90FEB3-2D88-48CF-BE95-4C73A4753C7C}.Release|x86.ActiveCfg = Release|Any CPU
		{7E90FEB3-2D88-48CF-BE95-4C73A4753C7C}.Release|x86.Build.0 = Release|Any CPU
		{96B28A52-6959-4078-8269-C25A573CA6F2}.Debug|Any CPU.ActiveCfg = Debug|Any CPU
		{96B28A52-6959-4078-8269-C25A573CA6F2}.Debug|Any CPU.Build.0 = Debug|Any CPU
		{96B28A52-6959-4078-8269-C25A573CA6F2}.Debug|x64.ActiveCfg = Debug|Any CPU
		{96B28A52-6959-4078-8269-C25A573CA6F2}.Debug|x64.Build.0 = Debug|Any CPU
		{96B28A52-6959-4078-8269-C25A573CA6F2}.Debug|x86.ActiveCfg = Debug|Any CPU
		{96B28A52-6959-4078-8269-C25A573CA6F2}.Debug|x86.Build.0 = Debug|Any CPU
		{96B28A52-6959-4078-8269-C25A573CA6F2}.Release|Any CPU.ActiveCfg = Release|Any CPU
		{96B28A52-6959-4078-8269-C25A573CA6F2}.Release|Any CPU.Build.0 = Release|Any CPU
		{96B28A52-6959-4078-8269-C25A573CA6F2}.Release|x64.ActiveCfg = Release|Any CPU
		{96B28A52-6959-4078-8269-C25A573CA6F2}.Release|x64.Build.0 = Release|Any CPU
		{96B28A52-6959-4078-8269-C25A573CA6F2}.Release|x86.ActiveCfg = Release|Any CPU
		{96B28A52-6959-4078-8269-C25A573CA6F2}.Release|x86.Build.0 = Release|Any CPU
		{15C63089-66D7-4038-8AE5-89042FA5E477}.Debug|Any CPU.ActiveCfg = Debug|Any CPU
		{15C63089-66D7-4038-8AE5-89042FA5E477}.Debug|Any CPU.Build.0 = Debug|Any CPU
		{15C63089-66D7-4038-8AE5-89042FA5E477}.Debug|x64.ActiveCfg = Debug|Any CPU
		{15C63089-66D7-4038-8AE5-89042FA5E477}.Debug|x64.Build.0 = Debug|Any CPU
		{15C63089-66D7-4038-8AE5-89042FA5E477}.Debug|x86.ActiveCfg = Debug|Any CPU
		{15C63089-66D7-4038-8AE5-89042FA5E477}.Debug|x86.Build.0 = Debug|Any CPU
		{15C63089-66D7-4038-8AE5-89042FA5E477}.Release|Any CPU.ActiveCfg = Release|Any CPU
		{15C63089-66D7-4038-8AE5-89042FA5E477}.Release|Any CPU.Build.0 = Release|Any CPU
		{15C63089-66D7-4038-8AE5-89042FA5E477}.Release|x64.ActiveCfg = Release|Any CPU
		{15C63089-66D7-4038-8AE5-89042FA5E477}.Release|x64.Build.0 = Release|Any CPU
		{15C63089-66D7-4038-8AE5-89042FA5E477}.Release|x86.ActiveCfg = Release|Any CPU
		{15C63089-66D7-4038-8AE5-89042FA5E477}.Release|x86.Build.0 = Release|Any CPU
		{877A4866-243E-4A94-B532-3E8E628DF5B8}.Debug|Any CPU.ActiveCfg = Debug|Any CPU
		{877A4866-243E-4A94-B532-3E8E628DF5B8}.Debug|Any CPU.Build.0 = Debug|Any CPU
		{877A4866-243E-4A94-B532-3E8E628DF5B8}.Debug|x64.ActiveCfg = Debug|Any CPU
		{877A4866-243E-4A94-B532-3E8E628DF5B8}.Debug|x64.Build.0 = Debug|Any CPU
		{877A4866-243E-4A94-B532-3E8E628DF5B8}.Debug|x86.ActiveCfg = Debug|Any CPU
		{877A4866-243E-4A94-B532-3E8E628DF5B8}.Debug|x86.Build.0 = Debug|Any CPU
		{877A4866-243E-4A94-B532-3E8E628DF5B8}.Release|Any CPU.ActiveCfg = Release|Any CPU
		{877A4866-243E-4A94-B532-3E8E628DF5B8}.Release|Any CPU.Build.0 = Release|Any CPU
		{877A4866-243E-4A94-B532-3E8E628DF5B8}.Release|x64.ActiveCfg = Release|Any CPU
		{877A4866-243E-4A94-B532-3E8E628DF5B8}.Release|x64.Build.0 = Release|Any CPU
		{877A4866-243E-4A94-B532-3E8E628DF5B8}.Release|x86.ActiveCfg = Release|Any CPU
		{877A4866-243E-4A94-B532-3E8E628DF5B8}.Release|x86.Build.0 = Release|Any CPU
		{35BFA223-AFE5-4D9A-AA20-E24F3BF2609A}.Debug|Any CPU.ActiveCfg = Debug|Any CPU
		{35BFA223-AFE5-4D9A-AA20-E24F3BF2609A}.Debug|Any CPU.Build.0 = Debug|Any CPU
		{35BFA223-AFE5-4D9A-AA20-E24F3BF2609A}.Debug|x64.ActiveCfg = Debug|Any CPU
		{35BFA223-AFE5-4D9A-AA20-E24F3BF2609A}.Debug|x64.Build.0 = Debug|Any CPU
		{35BFA223-AFE5-4D9A-AA20-E24F3BF2609A}.Debug|x86.ActiveCfg = Debug|Any CPU
		{35BFA223-AFE5-4D9A-AA20-E24F3BF2609A}.Debug|x86.Build.0 = Debug|Any CPU
		{35BFA223-AFE5-4D9A-AA20-E24F3BF2609A}.Release|Any CPU.ActiveCfg = Release|Any CPU
		{35BFA223-AFE5-4D9A-AA20-E24F3BF2609A}.Release|Any CPU.Build.0 = Release|Any CPU
		{35BFA223-AFE5-4D9A-AA20-E24F3BF2609A}.Release|x64.ActiveCfg = Release|Any CPU
		{35BFA223-AFE5-4D9A-AA20-E24F3BF2609A}.Release|x64.Build.0 = Release|Any CPU
		{35BFA223-AFE5-4D9A-AA20-E24F3BF2609A}.Release|x86.ActiveCfg = Release|Any CPU
		{35BFA223-AFE5-4D9A-AA20-E24F3BF2609A}.Release|x86.Build.0 = Release|Any CPU
		{7DFB8BE3-5BF4-4092-91D4-F1A1C1950364}.Debug|Any CPU.ActiveCfg = Debug|Any CPU
		{7DFB8BE3-5BF4-4092-91D4-F1A1C1950364}.Debug|Any CPU.Build.0 = Debug|Any CPU
		{7DFB8BE3-5BF4-4092-91D4-F1A1C1950364}.Debug|x64.ActiveCfg = Debug|Any CPU
		{7DFB8BE3-5BF4-4092-91D4-F1A1C1950364}.Debug|x64.Build.0 = Debug|Any CPU
		{7DFB8BE3-5BF4-4092-91D4-F1A1C1950364}.Debug|x86.ActiveCfg = Debug|Any CPU
		{7DFB8BE3-5BF4-4092-91D4-F1A1C1950364}.Debug|x86.Build.0 = Debug|Any CPU
		{7DFB8BE3-5BF4-4092-91D4-F1A1C1950364}.Release|Any CPU.ActiveCfg = Release|Any CPU
		{7DFB8BE3-5BF4-4092-91D4-F1A1C1950364}.Release|Any CPU.Build.0 = Release|Any CPU
		{7DFB8BE3-5BF4-4092-91D4-F1A1C1950364}.Release|x64.ActiveCfg = Release|Any CPU
		{7DFB8BE3-5BF4-4092-91D4-F1A1C1950364}.Release|x64.Build.0 = Release|Any CPU
		{7DFB8BE3-5BF4-4092-91D4-F1A1C1950364}.Release|x86.ActiveCfg = Release|Any CPU
		{7DFB8BE3-5BF4-4092-91D4-F1A1C1950364}.Release|x86.Build.0 = Release|Any CPU
		{A084630F-827A-4657-B892-CF5FFFCB278C}.Debug|Any CPU.ActiveCfg = Debug|Any CPU
		{A084630F-827A-4657-B892-CF5FFFCB278C}.Debug|Any CPU.Build.0 = Debug|Any CPU
		{A084630F-827A-4657-B892-CF5FFFCB278C}.Debug|x64.ActiveCfg = Debug|Any CPU
		{A084630F-827A-4657-B892-CF5FFFCB278C}.Debug|x64.Build.0 = Debug|Any CPU
		{A084630F-827A-4657-B892-CF5FFFCB278C}.Debug|x86.ActiveCfg = Debug|Any CPU
		{A084630F-827A-4657-B892-CF5FFFCB278C}.Debug|x86.Build.0 = Debug|Any CPU
		{A084630F-827A-4657-B892-CF5FFFCB278C}.Release|Any CPU.ActiveCfg = Release|Any CPU
		{A084630F-827A-4657-B892-CF5FFFCB278C}.Release|Any CPU.Build.0 = Release|Any CPU
		{A084630F-827A-4657-B892-CF5FFFCB278C}.Release|x64.ActiveCfg = Release|Any CPU
		{A084630F-827A-4657-B892-CF5FFFCB278C}.Release|x64.Build.0 = Release|Any CPU
		{A084630F-827A-4657-B892-CF5FFFCB278C}.Release|x86.ActiveCfg = Release|Any CPU
		{A084630F-827A-4657-B892-CF5FFFCB278C}.Release|x86.Build.0 = Release|Any CPU
	EndGlobalSection
	GlobalSection(SolutionProperties) = preSolution
		HideSolutionNode = FALSE
	EndGlobalSection
	GlobalSection(NestedProjects) = preSolution
		{A3DF905C-7797-4F11-B71B-10461328459E} = {827E0CD3-B72D-47B6-A68D-7590B98EB39B}
		{A2246515-9D78-4E1B-BC2F-E7956EDFCFDD} = {827E0CD3-B72D-47B6-A68D-7590B98EB39B}
		{1DC70857-98D9-4871-8C3C-89BD330EF6CF} = {827E0CD3-B72D-47B6-A68D-7590B98EB39B}
		{41FF5E4F-44A7-4BE7-8A99-DB4DDF435475} = {827E0CD3-B72D-47B6-A68D-7590B98EB39B}
		{7E90FEB3-2D88-48CF-BE95-4C73A4753C7C} = {827E0CD3-B72D-47B6-A68D-7590B98EB39B}
		{96B28A52-6959-4078-8269-C25A573CA6F2} = {827E0CD3-B72D-47B6-A68D-7590B98EB39B}
		{15C63089-66D7-4038-8AE5-89042FA5E477} = {0AB3BF05-4346-4AA6-1389-037BE0695223}
		{877A4866-243E-4A94-B532-3E8E628DF5B8} = {0AB3BF05-4346-4AA6-1389-037BE0695223}
		{35BFA223-AFE5-4D9A-AA20-E24F3BF2609A} = {0AB3BF05-4346-4AA6-1389-037BE0695223}
		{7DFB8BE3-5BF4-4092-91D4-F1A1C1950364} = {0AB3BF05-4346-4AA6-1389-037BE0695223}
		{A084630F-827A-4657-B892-CF5FFFCB278C} = {0AB3BF05-4346-4AA6-1389-037BE0695223}
	EndGlobalSection
EndGlobal
